// !$*UTF8*$!
{
	archiveVersion = 1;
	classes = {
	};
	objectVersion = 46;
	objects = {

/* Begin PBXBuildFile section */
		D0E898991F0DD8C800E79080 /* AppDelegate.swift in Sources */ = {isa = PBXBuildFile; fileRef = D0E898981F0DD8C800E79080 /* AppDelegate.swift */; };
		D0E8989B1F0DD8C800E79080 /* ViewController.swift in Sources */ = {isa = PBXBuildFile; fileRef = D0E8989A1F0DD8C800E79080 /* ViewController.swift */; };
		D0E8989E1F0DD8C800E79080 /* Main.storyboard in Resources */ = {isa = PBXBuildFile; fileRef = D0E8989C1F0DD8C800E79080 /* Main.storyboard */; };
		D0E898A11F0DD8C800E79080 /* BoosterGold.xcdatamodeld in Sources */ = {isa = PBXBuildFile; fileRef = D0E8989F1F0DD8C800E79080 /* BoosterGold.xcdatamodeld */; };
		D0E898A31F0DD8C800E79080 /* Assets.xcassets in Resources */ = {isa = PBXBuildFile; fileRef = D0E898A21F0DD8C800E79080 /* Assets.xcassets */; };
		D0E898A61F0DD8C800E79080 /* LaunchScreen.storyboard in Resources */ = {isa = PBXBuildFile; fileRef = D0E898A41F0DD8C800E79080 /* LaunchScreen.storyboard */; };
		D0E898B11F0DD8C800E79080 /* BoosterGoldTests.swift in Sources */ = {isa = PBXBuildFile; fileRef = D0E898B01F0DD8C800E79080 /* BoosterGoldTests.swift */; };
		D0E898BC1F0DD8C800E79080 /* BoosterGoldUITests.swift in Sources */ = {isa = PBXBuildFile; fileRef = D0E898BB1F0DD8C800E79080 /* BoosterGoldUITests.swift */; };
/* End PBXBuildFile section */

/* Begin PBXContainerItemProxy section */
		D0E898AD1F0DD8C800E79080 /* PBXContainerItemProxy */ = {
			isa = PBXContainerItemProxy;
			containerPortal = D0E8988D1F0DD8C700E79080 /* Project object */;
			proxyType = 1;
			remoteGlobalIDString = D0E898941F0DD8C700E79080;
			remoteInfo = BoosterGold;
		};
		D0E898B81F0DD8C800E79080 /* PBXContainerItemProxy */ = {
			isa = PBXContainerItemProxy;
			containerPortal = D0E8988D1F0DD8C700E79080 /* Project object */;
			proxyType = 1;
			remoteGlobalIDString = D0E898941F0DD8C700E79080;
			remoteInfo = BoosterGold;
		};
/* End PBXContainerItemProxy section */

/* Begin PBXFileReference section */
		D0E898951F0DD8C800E79080 /* BoosterGold.app */ = {isa = PBXFileReference; explicitFileType = wrapper.application; includeInIndex = 0; path = BoosterGold.app; sourceTree = BUILT_PRODUCTS_DIR; };
		D0E898981F0DD8C800E79080 /* AppDelegate.swift */ = {isa = PBXFileReference; lastKnownFileType = sourcecode.swift; path = AppDelegate.swift; sourceTree = "<group>"; };
		D0E8989A1F0DD8C800E79080 /* ViewController.swift */ = {isa = PBXFileReference; lastKnownFileType = sourcecode.swift; path = ViewController.swift; sourceTree = "<group>"; };
		D0E8989D1F0DD8C800E79080 /* Base */ = {isa = PBXFileReference; lastKnownFileType = file.storyboard; name = Base; path = Base.lproj/Main.storyboard; sourceTree = "<group>"; };
		D0E898A01F0DD8C800E79080 /* BoosterGold.xcdatamodel */ = {isa = PBXFileReference; lastKnownFileType = wrapper.xcdatamodel; path = BoosterGold.xcdatamodel; sourceTree = "<group>"; };
		D0E898A21F0DD8C800E79080 /* Assets.xcassets */ = {isa = PBXFileReference; lastKnownFileType = folder.assetcatalog; path = Assets.xcassets; sourceTree = "<group>"; };
		D0E898A51F0DD8C800E79080 /* Base */ = {isa = PBXFileReference; lastKnownFileType = file.storyboard; name = Base; path = Base.lproj/LaunchScreen.storyboard; sourceTree = "<group>"; };
		D0E898A71F0DD8C800E79080 /* Info.plist */ = {isa = PBXFileReference; lastKnownFileType = text.plist.xml; path = Info.plist; sourceTree = "<group>"; };
		D0E898AC1F0DD8C800E79080 /* BoosterGoldTests.xctest */ = {isa = PBXFileReference; explicitFileType = wrapper.cfbundle; includeInIndex = 0; path = BoosterGoldTests.xctest; sourceTree = BUILT_PRODUCTS_DIR; };
		D0E898B01F0DD8C800E79080 /* BoosterGoldTests.swift */ = {isa = PBXFileReference; lastKnownFileType = sourcecode.swift; path = BoosterGoldTests.swift; sourceTree = "<group>"; };
		D0E898B21F0DD8C800E79080 /* Info.plist */ = {isa = PBXFileReference; lastKnownFileType = text.plist.xml; path = Info.plist; sourceTree = "<group>"; };
		D0E898B71F0DD8C800E79080 /* BoosterGoldUITests.xctest */ = {isa = PBXFileReference; explicitFileType = wrapper.cfbundle; includeInIndex = 0; path = BoosterGoldUITests.xctest; sourceTree = BUILT_PRODUCTS_DIR; };
		D0E898BB1F0DD8C800E79080 /* BoosterGoldUITests.swift */ = {isa = PBXFileReference; lastKnownFileType = sourcecode.swift; path = BoosterGoldUITests.swift; sourceTree = "<group>"; };
		D0E898BD1F0DD8C800E79080 /* Info.plist */ = {isa = PBXFileReference; lastKnownFileType = text.plist.xml; path = Info.plist; sourceTree = "<group>"; };
/* End PBXFileReference section */

/* Begin PBXFrameworksBuildPhase section */
		D0E898921F0DD8C700E79080 /* Frameworks */ = {
			isa = PBXFrameworksBuildPhase;
			buildActionMask = 2147483647;
			files = (
			);
			runOnlyForDeploymentPostprocessing = 0;
		};
		D0E898A91F0DD8C800E79080 /* Frameworks */ = {
			isa = PBXFrameworksBuildPhase;
			buildActionMask = 2147483647;
			files = (
			);
			runOnlyForDeploymentPostprocessing = 0;
		};
		D0E898B41F0DD8C800E79080 /* Frameworks */ = {
			isa = PBXFrameworksBuildPhase;
			buildActionMask = 2147483647;
			files = (
			);
			runOnlyForDeploymentPostprocessing = 0;
		};
/* End PBXFrameworksBuildPhase section */

/* Begin PBXGroup section */
		D0E8988C1F0DD8C700E79080 = {
			isa = PBXGroup;
			children = (
				D0E898971F0DD8C800E79080 /* BoosterGold */,
				D0E898AF1F0DD8C800E79080 /* BoosterGoldTests */,
				D0E898BA1F0DD8C800E79080 /* BoosterGoldUITests */,
				D0E898961F0DD8C800E79080 /* Products */,
			);
			sourceTree = "<group>";
			tabWidth = 3;
		};
		D0E898961F0DD8C800E79080 /* Products */ = {
			isa = PBXGroup;
			children = (
				D0E898951F0DD8C800E79080 /* BoosterGold.app */,
				D0E898AC1F0DD8C800E79080 /* BoosterGoldTests.xctest */,
				D0E898B71F0DD8C800E79080 /* BoosterGoldUITests.xctest */,
			);
			name = Products;
			sourceTree = "<group>";
		};
		D0E898971F0DD8C800E79080 /* BoosterGold */ = {
			isa = PBXGroup;
			children = (
				D0E898981F0DD8C800E79080 /* AppDelegate.swift */,
				D0E8989A1F0DD8C800E79080 /* ViewController.swift */,
				D0E8989C1F0DD8C800E79080 /* Main.storyboard */,
				D0E898A21F0DD8C800E79080 /* Assets.xcassets */,
				D0E898A41F0DD8C800E79080 /* LaunchScreen.storyboard */,
				D0E898A71F0DD8C800E79080 /* Info.plist */,
				D0E8989F1F0DD8C800E79080 /* BoosterGold.xcdatamodeld */,
			);
			path = BoosterGold;
			sourceTree = "<group>";
		};
		D0E898AF1F0DD8C800E79080 /* BoosterGoldTests */ = {
			isa = PBXGroup;
			children = (
				D0E898B01F0DD8C800E79080 /* BoosterGoldTests.swift */,
				D0E898B21F0DD8C800E79080 /* Info.plist */,
			);
			path = BoosterGoldTests;
			sourceTree = "<group>";
		};
		D0E898BA1F0DD8C800E79080 /* BoosterGoldUITests */ = {
			isa = PBXGroup;
			children = (
				D0E898BB1F0DD8C800E79080 /* BoosterGoldUITests.swift */,
				D0E898BD1F0DD8C800E79080 /* Info.plist */,
			);
			path = BoosterGoldUITests;
			sourceTree = "<group>";
		};
/* End PBXGroup section */

/* Begin PBXNativeTarget section */
		D0E898941F0DD8C700E79080 /* BoosterGold */ = {
			isa = PBXNativeTarget;
			buildConfigurationList = D0E898C01F0DD8C800E79080 /* Build configuration list for PBXNativeTarget "BoosterGold" */;
			buildPhases = (
				D0E898911F0DD8C700E79080 /* Sources */,
				D0E898921F0DD8C700E79080 /* Frameworks */,
				D0E898931F0DD8C700E79080 /* Resources */,
			);
			buildRules = (
			);
			dependencies = (
			);
			name = BoosterGold;
			productName = BoosterGold;
			productReference = D0E898951F0DD8C800E79080 /* BoosterGold.app */;
			productType = "com.apple.product-type.application";
		};
		D0E898AB1F0DD8C800E79080 /* BoosterGoldTests */ = {
			isa = PBXNativeTarget;
			buildConfigurationList = D0E898C31F0DD8C800E79080 /* Build configuration list for PBXNativeTarget "BoosterGoldTests" */;
			buildPhases = (
				D0E898A81F0DD8C800E79080 /* Sources */,
				D0E898A91F0DD8C800E79080 /* Frameworks */,
				D0E898AA1F0DD8C800E79080 /* Resources */,
			);
			buildRules = (
			);
			dependencies = (
				D0E898AE1F0DD8C800E79080 /* PBXTargetDependency */,
			);
			name = BoosterGoldTests;
			productName = BoosterGoldTests;
			productReference = D0E898AC1F0DD8C800E79080 /* BoosterGoldTests.xctest */;
			productType = "com.apple.product-type.bundle.unit-test";
		};
		D0E898B61F0DD8C800E79080 /* BoosterGoldUITests */ = {
			isa = PBXNativeTarget;
			buildConfigurationList = D0E898C61F0DD8C800E79080 /* Build configuration list for PBXNativeTarget "BoosterGoldUITests" */;
			buildPhases = (
				D0E898B31F0DD8C800E79080 /* Sources */,
				D0E898B41F0DD8C800E79080 /* Frameworks */,
				D0E898B51F0DD8C800E79080 /* Resources */,
			);
			buildRules = (
			);
			dependencies = (
				D0E898B91F0DD8C800E79080 /* PBXTargetDependency */,
			);
			name = BoosterGoldUITests;
			productName = BoosterGoldUITests;
			productReference = D0E898B71F0DD8C800E79080 /* BoosterGoldUITests.xctest */;
			productType = "com.apple.product-type.bundle.ui-testing";
		};
/* End PBXNativeTarget section */

/* Begin PBXProject section */
		D0E8988D1F0DD8C700E79080 /* Project object */ = {
			isa = PBXProject;
			attributes = {
				LastSwiftUpdateCheck = 0830;
				LastUpgradeCheck = 0830;
				ORGANIZATIONNAME = "Justice League";
				TargetAttributes = {
					D0E898941F0DD8C700E79080 = {
						CreatedOnToolsVersion = 8.3.3;
						ProvisioningStyle = Automatic;
					};
					D0E898AB1F0DD8C800E79080 = {
						CreatedOnToolsVersion = 8.3.3;
						ProvisioningStyle = Automatic;
						TestTargetID = D0E898941F0DD8C700E79080;
					};
					D0E898B61F0DD8C800E79080 = {
						CreatedOnToolsVersion = 8.3.3;
						ProvisioningStyle = Automatic;
						TestTargetID = D0E898941F0DD8C700E79080;
					};
				};
			};
			buildConfigurationList = D0E898901F0DD8C700E79080 /* Build configuration list for PBXProject "BoosterGold" */;
			compatibilityVersion = "Xcode 3.2";
			developmentRegion = English;
			hasScannedForEncodings = 0;
			knownRegions = (
				en,
				Base,
			);
			mainGroup = D0E8988C1F0DD8C700E79080;
			productRefGroup = D0E898961F0DD8C800E79080 /* Products */;
			projectDirPath = "";
			projectRoot = "";
			targets = (
				D0E898941F0DD8C700E79080 /* BoosterGold */,
				D0E898AB1F0DD8C800E79080 /* BoosterGoldTests */,
				D0E898B61F0DD8C800E79080 /* BoosterGoldUITests */,
			);
		};
/* End PBXProject section */

/* Begin PBXResourcesBuildPhase section */
		D0E898931F0DD8C700E79080 /* Resources */ = {
			isa = PBXResourcesBuildPhase;
			buildActionMask = 2147483647;
			files = (
				D0E898A61F0DD8C800E79080 /* LaunchScreen.storyboard in Resources */,
				D0E898A31F0DD8C800E79080 /* Assets.xcassets in Resources */,
				D0E8989E1F0DD8C800E79080 /* Main.storyboard in Resources */,
			);
			runOnlyForDeploymentPostprocessing = 0;
		};
		D0E898AA1F0DD8C800E79080 /* Resources */ = {
			isa = PBXResourcesBuildPhase;
			buildActionMask = 2147483647;
			files = (
			);
			runOnlyForDeploymentPostprocessing = 0;
		};
		D0E898B51F0DD8C800E79080 /* Resources */ = {
			isa = PBXResourcesBuildPhase;
			buildActionMask = 2147483647;
			files = (
			);
			runOnlyForDeploymentPostprocessing = 0;
		};
/* End PBXResourcesBuildPhase section */

/* Begin PBXSourcesBuildPhase section */
		D0E898911F0DD8C700E79080 /* Sources */ = {
			isa = PBXSourcesBuildPhase;
			buildActionMask = 2147483647;
			files = (
				D0E8989B1F0DD8C800E79080 /* ViewController.swift in Sources */,
				D0E898991F0DD8C800E79080 /* AppDelegate.swift in Sources */,
				D0E898A11F0DD8C800E79080 /* BoosterGold.xcdatamodeld in Sources */,
			);
			runOnlyForDeploymentPostprocessing = 0;
		};
		D0E898A81F0DD8C800E79080 /* Sources */ = {
			isa = PBXSourcesBuildPhase;
			buildActionMask = 2147483647;
			files = (
				D0E898B11F0DD8C800E79080 /* BoosterGoldTests.swift in Sources */,
			);
			runOnlyForDeploymentPostprocessing = 0;
		};
		D0E898B31F0DD8C800E79080 /* Sources */ = {
			isa = PBXSourcesBuildPhase;
			buildActionMask = 2147483647;
			files = (
				D0E898BC1F0DD8C800E79080 /* BoosterGoldUITests.swift in Sources */,
			);
			runOnlyForDeploymentPostprocessing = 0;
		};
/* End PBXSourcesBuildPhase section */

/* Begin PBXTargetDependency section */
		D0E898AE1F0DD8C800E79080 /* PBXTargetDependency */ = {
			isa = PBXTargetDependency;
			target = D0E898941F0DD8C700E79080 /* BoosterGold */;
			targetProxy = D0E898AD1F0DD8C800E79080 /* PBXContainerItemProxy */;
		};
		D0E898B91F0DD8C800E79080 /* PBXTargetDependency */ = {
			isa = PBXTargetDependency;
			target = D0E898941F0DD8C700E79080 /* BoosterGold */;
			targetProxy = D0E898B81F0DD8C800E79080 /* PBXContainerItemProxy */;
		};
/* End PBXTargetDependency section */

/* Begin PBXVariantGroup section */
		D0E8989C1F0DD8C800E79080 /* Main.storyboard */ = {
			isa = PBXVariantGroup;
			children = (
				D0E8989D1F0DD8C800E79080 /* Base */,
			);
			name = Main.storyboard;
			sourceTree = "<group>";
		};
		D0E898A41F0DD8C800E79080 /* LaunchScreen.storyboard */ = {
			isa = PBXVariantGroup;
			children = (
				D0E898A51F0DD8C800E79080 /* Base */,
			);
			name = LaunchScreen.storyboard;
			sourceTree = "<group>";
		};
/* End PBXVariantGroup section */

/* Begin XCBuildConfiguration section */
		D0E898BE1F0DD8C800E79080 /* Debug */ = {
			isa = XCBuildConfiguration;
			buildSettings = {
				ALWAYS_SEARCH_USER_PATHS = NO;
				CLANG_ANALYZER_NONNULL = YES;
				CLANG_ANALYZER_NUMBER_OBJECT_CONVERSION = YES_AGGRESSIVE;
				CLANG_CXX_LANGUAGE_STANDARD = "gnu++0x";
				CLANG_CXX_LIBRARY = "libc++";
				CLANG_ENABLE_MODULES = YES;
				CLANG_ENABLE_OBJC_ARC = YES;
				CLANG_WARN_BOOL_CONVERSION = YES;
				CLANG_WARN_CONSTANT_CONVERSION = YES;
				CLANG_WARN_DIRECT_OBJC_ISA_USAGE = YES_ERROR;
				CLANG_WARN_DOCUMENTATION_COMMENTS = YES;
				CLANG_WARN_EMPTY_BODY = YES;
				CLANG_WARN_ENUM_CONVERSION = YES;
				CLANG_WARN_INFINITE_RECURSION = YES;
				CLANG_WARN_INT_CONVERSION = YES;
				CLANG_WARN_OBJC_ROOT_CLASS = YES_ERROR;
				CLANG_WARN_SUSPICIOUS_MOVE = YES;
				CLANG_WARN_UNREACHABLE_CODE = YES;
				CLANG_WARN__DUPLICATE_METHOD_MATCH = YES;
				"CODE_SIGN_IDENTITY[sdk=iphoneos*]" = "iPhone Developer";
				COPY_PHASE_STRIP = NO;
				DEBUG_INFORMATION_FORMAT = dwarf;
				ENABLE_STRICT_OBJC_MSGSEND = YES;
				ENABLE_TESTABILITY = YES;
				GCC_C_LANGUAGE_STANDARD = gnu99;
				GCC_DYNAMIC_NO_PIC = NO;
				GCC_NO_COMMON_BLOCKS = YES;
				GCC_OPTIMIZATION_LEVEL = 0;
				GCC_PREPROCESSOR_DEFINITIONS = (
					"DEBUG=1",
					"$(inherited)",
				);
				GCC_WARN_64_TO_32_BIT_CONVERSION = YES;
				GCC_WARN_ABOUT_RETURN_TYPE = YES_ERROR;
				GCC_WARN_UNDECLARED_SELECTOR = YES;
				GCC_WARN_UNINITIALIZED_AUTOS = YES_AGGRESSIVE;
				GCC_WARN_UNUSED_FUNCTION = YES;
				GCC_WARN_UNUSED_VARIABLE = YES;
				IPHONEOS_DEPLOYMENT_TARGET = 10.3;
				MTL_ENABLE_DEBUG_INFO = YES;
				ONLY_ACTIVE_ARCH = YES;
				SDKROOT = iphoneos;
				SWIFT_ACTIVE_COMPILATION_CONDITIONS = DEBUG;
				SWIFT_OPTIMIZATION_LEVEL = "-Onone";
				TARGETED_DEVICE_FAMILY = "1,2";
			};
			name = Debug;
		};
		D0E898BF1F0DD8C800E79080 /* Release */ = {
			isa = XCBuildConfiguration;
			buildSettings = {
				ALWAYS_SEARCH_USER_PATHS = NO;
				CLANG_ANALYZER_NONNULL = YES;
				CLANG_ANALYZER_NUMBER_OBJECT_CONVERSION = YES_AGGRESSIVE;
				CLANG_CXX_LANGUAGE_STANDARD = "gnu++0x";
				CLANG_CXX_LIBRARY = "libc++";
				CLANG_ENABLE_MODULES = YES;
				CLANG_ENABLE_OBJC_ARC = YES;
				CLANG_WARN_BOOL_CONVERSION = YES;
				CLANG_WARN_CONSTANT_CONVERSION = YES;
				CLANG_WARN_DIRECT_OBJC_ISA_USAGE = YES_ERROR;
				CLANG_WARN_DOCUMENTATION_COMMENTS = YES;
				CLANG_WARN_EMPTY_BODY = YES;
				CLANG_WARN_ENUM_CONVERSION = YES;
				CLANG_WARN_INFINITE_RECURSION = YES;
				CLANG_WARN_INT_CONVERSION = YES;
				CLANG_WARN_OBJC_ROOT_CLASS = YES_ERROR;
				CLANG_WARN_SUSPICIOUS_MOVE = YES;
				CLANG_WARN_UNREACHABLE_CODE = YES;
				CLANG_WARN__DUPLICATE_METHOD_MATCH = YES;
				"CODE_SIGN_IDENTITY[sdk=iphoneos*]" = "iPhone Developer";
				COPY_PHASE_STRIP = NO;
				DEBUG_INFORMATION_FORMAT = "dwarf-with-dsym";
				ENABLE_NS_ASSERTIONS = NO;
				ENABLE_STRICT_OBJC_MSGSEND = YES;
				GCC_C_LANGUAGE_STANDARD = gnu99;
				GCC_NO_COMMON_BLOCKS = YES;
				GCC_WARN_64_TO_32_BIT_CONVERSION = YES;
				GCC_WARN_ABOUT_RETURN_TYPE = YES_ERROR;
				GCC_WARN_UNDECLARED_SELECTOR = YES;
				GCC_WARN_UNINITIALIZED_AUTOS = YES_AGGRESSIVE;
				GCC_WARN_UNUSED_FUNCTION = YES;
				GCC_WARN_UNUSED_VARIABLE = YES;
				IPHONEOS_DEPLOYMENT_TARGET = 10.3;
				MTL_ENABLE_DEBUG_INFO = NO;
				SDKROOT = iphoneos;
				SWIFT_OPTIMIZATION_LEVEL = "-Owholemodule";
				TARGETED_DEVICE_FAMILY = "1,2";
				VALIDATE_PRODUCT = YES;
			};
			name = Release;
		};
		D0E898C11F0DD8C800E79080 /* Debug */ = {
			isa = XCBuildConfiguration;
			buildSettings = {
				ASSETCATALOG_COMPILER_APPICON_NAME = AppIcon;
				INFOPLIST_FILE = BoosterGold/Info.plist;
				LD_RUNPATH_SEARCH_PATHS = "$(inherited) @executable_path/Frameworks";
				PRODUCT_BUNDLE_IDENTIFIER = League.BoosterGold;
				PRODUCT_NAME = "$(TARGET_NAME)";
				SWIFT_VERSION = 3.0;
			};
			name = Debug;
		};
		D0E898C21F0DD8C800E79080 /* Release */ = {
			isa = XCBuildConfiguration;
			buildSettings = {
				ASSETCATALOG_COMPILER_APPICON_NAME = AppIcon;
				INFOPLIST_FILE = BoosterGold/Info.plist;
				LD_RUNPATH_SEARCH_PATHS = "$(inherited) @executable_path/Frameworks";
				PRODUCT_BUNDLE_IDENTIFIER = League.BoosterGold;
				PRODUCT_NAME = "$(TARGET_NAME)";
				SWIFT_VERSION = 3.0;
			};
			name = Release;
		};
		D0E898C41F0DD8C800E79080 /* Debug */ = {
			isa = XCBuildConfiguration;
			buildSettings = {
				ALWAYS_EMBED_SWIFT_STANDARD_LIBRARIES = YES;
				BUNDLE_LOADER = "$(TEST_HOST)";
				INFOPLIST_FILE = BoosterGoldTests/Info.plist;
				LD_RUNPATH_SEARCH_PATHS = "$(inherited) @executable_path/Frameworks @loader_path/Frameworks";
				PRODUCT_BUNDLE_IDENTIFIER = League.BoosterGoldTests;
				PRODUCT_NAME = "$(TARGET_NAME)";
				SWIFT_VERSION = 3.0;
				TEST_HOST = "$(BUILT_PRODUCTS_DIR)/BoosterGold.app/BoosterGold";
			};
			name = Debug;
		};
		D0E898C51F0DD8C800E79080 /* Release */ = {
			isa = XCBuildConfiguration;
			buildSettings = {
				ALWAYS_EMBED_SWIFT_STANDARD_LIBRARIES = YES;
				BUNDLE_LOADER = "$(TEST_HOST)";
				INFOPLIST_FILE = BoosterGoldTests/Info.plist;
				LD_RUNPATH_SEARCH_PATHS = "$(inherited) @executable_path/Frameworks @loader_path/Frameworks";
				PRODUCT_BUNDLE_IDENTIFIER = League.BoosterGoldTests;
				PRODUCT_NAME = "$(TARGET_NAME)";
				SWIFT_VERSION = 3.0;
				TEST_HOST = "$(BUILT_PRODUCTS_DIR)/BoosterGold.app/BoosterGold";
			};
			name = Release;
		};
		D0E898C71F0DD8C800E79080 /* Debug */ = {
			isa = XCBuildConfiguration;
			buildSettings = {
				ALWAYS_EMBED_SWIFT_STANDARD_LIBRARIES = YES;
				INFOPLIST_FILE = BoosterGoldUITests/Info.plist;
				LD_RUNPATH_SEARCH_PATHS = "$(inherited) @executable_path/Frameworks @loader_path/Frameworks";
				PRODUCT_BUNDLE_IDENTIFIER = League.BoosterGoldUITests;
				PRODUCT_NAME = "$(TARGET_NAME)";
				SWIFT_VERSION = 3.0;
				TEST_TARGET_NAME = BoosterGold;
			};
			name = Debug;
		};
		D0E898C81F0DD8C800E79080 /* Release */ = {
			isa = XCBuildConfiguration;
			buildSettings = {
				ALWAYS_EMBED_SWIFT_STANDARD_LIBRARIES = YES;
				INFOPLIST_FILE = BoosterGoldUITests/Info.plist;
				LD_RUNPATH_SEARCH_PATHS = "$(inherited) @executable_path/Frameworks @loader_path/Frameworks";
				PRODUCT_BUNDLE_IDENTIFIER = League.BoosterGoldUITests;
				PRODUCT_NAME = "$(TARGET_NAME)";
				SWIFT_VERSION = 3.0;
				TEST_TARGET_NAME = BoosterGold;
			};
			name = Release;
		};
/* End XCBuildConfiguration section */

/* Begin XCConfigurationList section */
		D0E898901F0DD8C700E79080 /* Build configuration list for PBXProject "BoosterGold" */ = {
			isa = XCConfigurationList;
			buildConfigurations = (
				D0E898BE1F0DD8C800E79080 /* Debug */,
				D0E898BF1F0DD8C800E79080 /* Release */,
			);
			defaultConfigurationIsVisible = 0;
			defaultConfigurationName = Release;
		};
		D0E898C01F0DD8C800E79080 /* Build configuration list for PBXNativeTarget "BoosterGold" */ = {
			isa = XCConfigurationList;
			buildConfigurations = (
				D0E898C11F0DD8C800E79080 /* Debug */,
				D0E898C21F0DD8C800E79080 /* Release */,
			);
			defaultConfigurationIsVisible = 0;
			defaultConfigurationName = Release;
		};
		D0E898C31F0DD8C800E79080 /* Build configuration list for PBXNativeTarget "BoosterGoldTests" */ = {
			isa = XCConfigurationList;
			buildConfigurations = (
				D0E898C41F0DD8C800E79080 /* Debug */,
				D0E898C51F0DD8C800E79080 /* Release */,
			);
			defaultConfigurationIsVisible = 0;
			defaultConfigurationName = Release;
		};
		D0E898C61F0DD8C800E79080 /* Build configuration list for PBXNativeTarget "BoosterGoldUITests" */ = {
			isa = XCConfigurationList;
			buildConfigurations = (
				D0E898C71F0DD8C800E79080 /* Debug */,
				D0E898C81F0DD8C800E79080 /* Release */,
			);
			defaultConfigurationIsVisible = 0;
			defaultConfigurationName = Release;
		};
/* End XCConfigurationList section */

/* Begin XCVersionGroup section */
		D0E8989F1F0DD8C800E79080 /* BoosterGold.xcdatamodeld */ = {
			isa = XCVersionGroup;
			children = (
				D0E898A01F0DD8C800E79080 /* BoosterGold.xcdatamodel */,
			);
			currentVersion = D0E898A01F0DD8C800E79080 /* BoosterGold.xcdatamodel */;
			path = BoosterGold.xcdatamodeld;
			sourceTree = "<group>";
			versionGroupType = wrapper.xcdatamodel;
		};
/* End XCVersionGroup section */
	};
	rootObject = D0E8988D1F0DD8C700E79080 /* Project object */;
}
